
Microsoft Visual Studio Solution File, Format Version 10.00
# Visual Studio 2008
Project("{8BC9CEB8-8B4A-11D0-8D11-00A0C91BC942}") = "Vega", "Vega.vcproj", "{8BB613B7-31C3-484C-8EA3-CC1CE714559B}"
EndProject
Project("{8BC9CEB8-8B4A-11D0-8D11-00A0C91BC942}") = "matrixIO", "libraries\matrixIO\matrixIO.vcproj", "{DAE8E889-2BDA-4E72-AF76-C5FA3D94BEAA}"
EndProject
Project("{8BC9CEB8-8B4A-11D0-8D11-00A0C91BC942}") = "graph", "libraries\graph\graph.vcproj", "{9FF60B17-5A2A-410D-A3F1-75A02434BF3E}"
	ProjectSection(ProjectDependencies) = postProject
		{DAE8E889-2BDA-4E72-AF76-C5FA3D94BEAA} = {DAE8E889-2BDA-4E72-AF76-C5FA3D94BEAA}
		{039CE3A3-5085-4592-B410-C7D807CD5F69} = {039CE3A3-5085-4592-B410-C7D807CD5F69}
	EndProjectSection
EndProject
Project("{8BC9CEB8-8B4A-11D0-8D11-00A0C91BC942}") = "sparseMatrix", "libraries\sparseMatrix\sparseMatrix.vcproj", "{039CE3A3-5085-4592-B410-C7D807CD5F69}"
EndProject
Project("{8BC9CEB8-8B4A-11D0-8D11-00A0C91BC942}") = "miniVector", "libraries\miniVector\miniVector.vcproj", "{BAF18769-AE38-4B8A-9642-EC4C89CF66EB}"
EndProject
Project("{8BC9CEB8-8B4A-11D0-8D11-00A0C91BC942}") = "objMesh", "libraries\objMesh\objMesh.vcproj", "{739A28FB-4A20-4CEE-AA16-51F3241C5078}"
	ProjectSection(ProjectDependencies) = postProject
		{9FF60B17-5A2A-410D-A3F1-75A02434BF3E} = {9FF60B17-5A2A-410D-A3F1-75A02434BF3E}
		{9E079248-26B0-4C7E-8F0C-A7756958971E} = {9E079248-26B0-4C7E-8F0C-A7756958971E}
		{BAF18769-AE38-4B8A-9642-EC4C89CF66EB} = {BAF18769-AE38-4B8A-9642-EC4C89CF66EB}
		{DAE8E889-2BDA-4E72-AF76-C5FA3D94BEAA} = {DAE8E889-2BDA-4E72-AF76-C5FA3D94BEAA}
	EndProjectSection
EndProject
Project("{8BC9CEB8-8B4A-11D0-8D11-00A0C91BC942}") = "imageIO", "libraries\imageIO\imageIO.vcproj", "{9E079248-26B0-4C7E-8F0C-A7756958971E}"
EndProject
Project("{8BC9CEB8-8B4A-11D0-8D11-00A0C91BC942}") = "stvk", "libraries\stvk\stvk.vcproj", "{D72E2AB9-1EBD-4333-864E-A587FFB619B5}"
	ProjectSection(ProjectDependencies) = postProject
		{1A130366-FFB2-45DB-A704-0BA6525B8F11} = {1A130366-FFB2-45DB-A704-0BA6525B8F11}
		{BAF18769-AE38-4B8A-9642-EC4C89CF66EB} = {BAF18769-AE38-4B8A-9642-EC4C89CF66EB}
		{039CE3A3-5085-4592-B410-C7D807CD5F69} = {039CE3A3-5085-4592-B410-C7D807CD5F69}
	EndProjectSection
EndProject
Project("{8BC9CEB8-8B4A-11D0-8D11-00A0C91BC942}") = "volumetricMesh", "libraries\volumetricMesh\volumetricMesh.vcproj", "{1A130366-FFB2-45DB-A704-0BA6525B8F11}"
	ProjectSection(ProjectDependencies) = postProject
		{9FF60B17-5A2A-410D-A3F1-75A02434BF3E} = {9FF60B17-5A2A-410D-A3F1-75A02434BF3E}
		{BAF18769-AE38-4B8A-9642-EC4C89CF66EB} = {BAF18769-AE38-4B8A-9642-EC4C89CF66EB}
		{DAE8E889-2BDA-4E72-AF76-C5FA3D94BEAA} = {DAE8E889-2BDA-4E72-AF76-C5FA3D94BEAA}
		{039CE3A3-5085-4592-B410-C7D807CD5F69} = {039CE3A3-5085-4592-B410-C7D807CD5F69}
		{739A28FB-4A20-4CEE-AA16-51F3241C5078} = {739A28FB-4A20-4CEE-AA16-51F3241C5078}
	EndProjectSection
EndProject
Project("{8BC9CEB8-8B4A-11D0-8D11-00A0C91BC942}") = "configFile", "libraries\configFile\configFile.vcproj", "{38AE3240-9D2F-4AEE-8B11-717DBEE46945}"
EndProject
Project("{8BC9CEB8-8B4A-11D0-8D11-00A0C91BC942}") = "massSpringSystem", "libraries\massSpringSystem\massSpringSystem.vcproj", "{D217CE50-DCF9-4EC2-8EBB-CA3D9894540C}"
	ProjectSection(ProjectDependencies) = postProject
		{38AE3240-9D2F-4AEE-8B11-717DBEE46945} = {38AE3240-9D2F-4AEE-8B11-717DBEE46945}
		{1A130366-FFB2-45DB-A704-0BA6525B8F11} = {1A130366-FFB2-45DB-A704-0BA6525B8F11}
		{BAF18769-AE38-4B8A-9642-EC4C89CF66EB} = {BAF18769-AE38-4B8A-9642-EC4C89CF66EB}
		{039CE3A3-5085-4592-B410-C7D807CD5F69} = {039CE3A3-5085-4592-B410-C7D807CD5F69}
		{739A28FB-4A20-4CEE-AA16-51F3241C5078} = {739A28FB-4A20-4CEE-AA16-51F3241C5078}
	EndProjectSection
EndProject
Project("{8BC9CEB8-8B4A-11D0-8D11-00A0C91BC942}") = "isotropicHyperelasticFEM", "libraries\isotropicHyperelasticFEM\isotropicHyperelasticFEM.vcproj", "{320A1A16-4126-4444-B255-9C9C7B1E6F1E}"
	ProjectSection(ProjectDependencies) = postProject
		{1A130366-FFB2-45DB-A704-0BA6525B8F11} = {1A130366-FFB2-45DB-A704-0BA6525B8F11}
		{BAF18769-AE38-4B8A-9642-EC4C89CF66EB} = {BAF18769-AE38-4B8A-9642-EC4C89CF66EB}
		{DAE8E889-2BDA-4E72-AF76-C5FA3D94BEAA} = {DAE8E889-2BDA-4E72-AF76-C5FA3D94BEAA}
		{039CE3A3-5085-4592-B410-C7D807CD5F69} = {039CE3A3-5085-4592-B410-C7D807CD5F69}
	EndProjectSection
EndProject
Project("{8BC9CEB8-8B4A-11D0-8D11-00A0C91BC942}") = "polarDecomposition", "libraries\polarDecomposition\polarDecomposition.vcproj", "{5005EB8F-D83C-4AF3-87B6-423413F953C8}"
	ProjectSection(ProjectDependencies) = postProject
		{BAF18769-AE38-4B8A-9642-EC4C89CF66EB} = {BAF18769-AE38-4B8A-9642-EC4C89CF66EB}
	EndProjectSection
EndProject
Project("{8BC9CEB8-8B4A-11D0-8D11-00A0C91BC942}") = "corotationalLinearFEM", "libraries\corotationalLinearFEM\corotationalLinearFEM.vcproj", "{B3F89C53-93ED-4CFA-8B47-7C9B97D45E8E}"
	ProjectSection(ProjectDependencies) = postProject
		{1A130366-FFB2-45DB-A704-0BA6525B8F11} = {1A130366-FFB2-45DB-A704-0BA6525B8F11}
		{BAF18769-AE38-4B8A-9642-EC4C89CF66EB} = {BAF18769-AE38-4B8A-9642-EC4C89CF66EB}
		{5005EB8F-D83C-4AF3-87B6-423413F953C8} = {5005EB8F-D83C-4AF3-87B6-423413F953C8}
		{039CE3A3-5085-4592-B410-C7D807CD5F69} = {039CE3A3-5085-4592-B410-C7D807CD5F69}
	EndProjectSection
EndProject
Project("{8BC9CEB8-8B4A-11D0-8D11-00A0C91BC942}") = "elasticForceModel", "libraries\elasticForceModel\elasticForceModel.vcproj", "{E3F15F25-FA42-4D2C-9093-6B6C9B80F4BE}"
	ProjectSection(ProjectDependencies) = postProject
		{320A1A16-4126-4444-B255-9C9C7B1E6F1E} = {320A1A16-4126-4444-B255-9C9C7B1E6F1E}
		{D217CE50-DCF9-4EC2-8EBB-CA3D9894540C} = {D217CE50-DCF9-4EC2-8EBB-CA3D9894540C}
		{B3F89C53-93ED-4CFA-8B47-7C9B97D45E8E} = {B3F89C53-93ED-4CFA-8B47-7C9B97D45E8E}
		{D72E2AB9-1EBD-4333-864E-A587FFB619B5} = {D72E2AB9-1EBD-4333-864E-A587FFB619B5}
	EndProjectSection
EndProject
Project("{8BC9CEB8-8B4A-11D0-8D11-00A0C91BC942}") = "forceModel", "libraries\forceModel\forceModel.vcproj", "{D6F42660-65CE-4A08-8016-D7D99ACB2E13}"
	ProjectSection(ProjectDependencies) = postProject
		{039CE3A3-5085-4592-B410-C7D807CD5F69} = {039CE3A3-5085-4592-B410-C7D807CD5F69}
	EndProjectSection
EndProject
Project("{8BC9CEB8-8B4A-11D0-8D11-00A0C91BC942}") = "clothBW", "libraries\clothBW\clothBW.vcproj", "{D6968754-E883-4015-94F2-817AFEFB39AE}"
	ProjectSection(ProjectDependencies) = postProject
		{BAF18769-AE38-4B8A-9642-EC4C89CF66EB} = {BAF18769-AE38-4B8A-9642-EC4C89CF66EB}
		{039CE3A3-5085-4592-B410-C7D807CD5F69} = {039CE3A3-5085-4592-B410-C7D807CD5F69}
		{739A28FB-4A20-4CEE-AA16-51F3241C5078} = {739A28FB-4A20-4CEE-AA16-51F3241C5078}
	EndProjectSection
EndProject
Project("{8BC9CEB8-8B4A-11D0-8D11-00A0C91BC942}") = "sparseSolver", "libraries\sparseSolver\sparseSolver.vcproj", "{C184B9FC-0C92-47A6-ABEC-BB4CCC6FD2D5}"
	ProjectSection(ProjectDependencies) = postProject
		{CF0B8E4C-7E8F-4E0C-BFFA-74927D4741BB} = {CF0B8E4C-7E8F-4E0C-BFFA-74927D4741BB}
		{039CE3A3-5085-4592-B410-C7D807CD5F69} = {039CE3A3-5085-4592-B410-C7D807CD5F69}
	EndProjectSection
EndProject
Project("{8BC9CEB8-8B4A-11D0-8D11-00A0C91BC942}") = "insertRows", "libraries\insertRows\insertRows.vcproj", "{77A700BF-B9D2-46AD-9301-20F756EEA1B5}"
EndProject
Project("{8BC9CEB8-8B4A-11D0-8D11-00A0C91BC942}") = "performanceCounter", "libraries\performanceCounter\performanceCounter.vcproj", "{061B37AF-49F0-4F69-B9BA-CE1C9B327AD8}"
EndProject
Project("{8BC9CEB8-8B4A-11D0-8D11-00A0C91BC942}") = "integrator", "libraries\integrator\integrator.vcproj", "{3E4D9619-1924-43D4-8DE3-B19674614807}"
EndProject
Project("{8BC9CEB8-8B4A-11D0-8D11-00A0C91BC942}") = "integratorSparse", "libraries\integratorSparse\integratorSparse.vcproj", "{EB9CAABB-A2AA-40CB-A781-22A949DC9568}"
	ProjectSection(ProjectDependencies) = postProject
		{3E4D9619-1924-43D4-8DE3-B19674614807} = {3E4D9619-1924-43D4-8DE3-B19674614807}
		{D6F42660-65CE-4A08-8016-D7D99ACB2E13} = {D6F42660-65CE-4A08-8016-D7D99ACB2E13}
		{DAE8E889-2BDA-4E72-AF76-C5FA3D94BEAA} = {DAE8E889-2BDA-4E72-AF76-C5FA3D94BEAA}
		{061B37AF-49F0-4F69-B9BA-CE1C9B327AD8} = {061B37AF-49F0-4F69-B9BA-CE1C9B327AD8}
		{77A700BF-B9D2-46AD-9301-20F756EEA1B5} = {77A700BF-B9D2-46AD-9301-20F756EEA1B5}
		{C184B9FC-0C92-47A6-ABEC-BB4CCC6FD2D5} = {C184B9FC-0C92-47A6-ABEC-BB4CCC6FD2D5}
	EndProjectSection
EndProject
Project("{8BC9CEB8-8B4A-11D0-8D11-00A0C91BC942}") = "matrix", "libraries\matrix\matrix.vcproj", "{4EE61ACB-9C26-4B93-BCE7-9D97C60F5D45}"
	ProjectSection(ProjectDependencies) = postProject
		{21B8DA06-8711-4160-91D0-F663F8DF9F30} = {21B8DA06-8711-4160-91D0-F663F8DF9F30}
		{DAE8E889-2BDA-4E72-AF76-C5FA3D94BEAA} = {DAE8E889-2BDA-4E72-AF76-C5FA3D94BEAA}
	EndProjectSection
EndProject
Project("{8BC9CEB8-8B4A-11D0-8D11-00A0C91BC942}") = "quaternion", "libraries\quaternion\quaternion.vcproj", "{4DF2406F-34A4-48EE-A01A-C29C3CFAC936}"
EndProject
Project("{8BC9CEB8-8B4A-11D0-8D11-00A0C91BC942}") = "rigidBodyDynamics", "libraries\rigidBodyDynamics\rigidBodyDynamics.vcproj", "{DAD82435-F439-4BF0-B8D5-75DB782A87AF}"
	ProjectSection(ProjectDependencies) = postProject
		{4DF2406F-34A4-48EE-A01A-C29C3CFAC936} = {4DF2406F-34A4-48EE-A01A-C29C3CFAC936}
	EndProjectSection
EndProject
Project("{8BC9CEB8-8B4A-11D0-8D11-00A0C91BC942}") = "lighting", "libraries\lighting\lighting.vcproj", "{C7C7EF87-E77F-4609-A670-69786EBB298C}"
	ProjectSection(ProjectDependencies) = postProject
		{38AE3240-9D2F-4AEE-8B11-717DBEE46945} = {38AE3240-9D2F-4AEE-8B11-717DBEE46945}
	EndProjectSection
EndProject
Project("{8BC9CEB8-8B4A-11D0-8D11-00A0C91BC942}") = "openGLHelper", "libraries\openGLHelper\openGLHelper.vcproj", "{C41A0989-9E2C-4285-ADCD-AA547FBC9A32}"
	ProjectSection(ProjectDependencies) = postProject
		{9E079248-26B0-4C7E-8F0C-A7756958971E} = {9E079248-26B0-4C7E-8F0C-A7756958971E}
		{DAE8E889-2BDA-4E72-AF76-C5FA3D94BEAA} = {DAE8E889-2BDA-4E72-AF76-C5FA3D94BEAA}
	EndProjectSection
EndProject
Project("{8BC9CEB8-8B4A-11D0-8D11-00A0C91BC942}") = "objMeshGPUDeformer", "libraries\objMeshGPUDeformer\objMeshGPUDeformer.vcproj", "{08D870C9-C0B2-4963-99D7-263014084F31}"
	ProjectSection(ProjectDependencies) = postProject
		{C7C7EF87-E77F-4609-A670-69786EBB298C} = {C7C7EF87-E77F-4609-A670-69786EBB298C}
		{739A28FB-4A20-4CEE-AA16-51F3241C5078} = {739A28FB-4A20-4CEE-AA16-51F3241C5078}
	EndProjectSection
EndProject
Project("{8BC9CEB8-8B4A-11D0-8D11-00A0C91BC942}") = "reducedForceModel", "libraries\reducedForceModel\reducedForceModel.vcproj", "{CF89E50F-DB9D-40D7-A3E4-056608522442}"
EndProject
Project("{8BC9CEB8-8B4A-11D0-8D11-00A0C91BC942}") = "camera", "libraries\camera\camera.vcproj", "{F38CBF9E-E3CC-4FD8-84EA-A1EFEC153D5F}"
EndProject
Project("{8BC9CEB8-8B4A-11D0-8D11-00A0C91BC942}") = "getOpts", "libraries\getopts\getOpts.vcproj", "{44DA13D4-0BE5-4FC3-8623-68C2B56238C0}"
EndProject
Project("{8BC9CEB8-8B4A-11D0-8D11-00A0C91BC942}") = "loadList", "libraries\loadList\loadList.vcproj", "{FCCD0E82-232A-4B71-8DAB-0F164F4DFBD6}"
EndProject
Project("{8BC9CEB8-8B4A-11D0-8D11-00A0C91BC942}") = "hashTable", "libraries\hashTable\hashTable.vcproj", "{9593D643-F782-4A81-80AB-6C2FFC62E467}"
EndProject
Project("{8BC9CEB8-8B4A-11D0-8D11-00A0C91BC942}") = "glslPhong", "libraries\glslPhong\glslPhong.vcproj", "{CCEFE3E3-17AC-4E19-A4D4-248EA44EE6A8}"
EndProject
Project("{6989167D-11E4-40FE-8C1A-2192A86A7E90}") = "expokit", "libraries\expokit\fortran\expokit.vfproj", "{21B8DA06-8711-4160-91D0-F663F8DF9F30}"
EndProject
Project("{8BC9CEB8-8B4A-11D0-8D11-00A0C91BC942}") = "sceneObject", "libraries\sceneObject\sceneObject.vcproj", "{3B9DEF33-4886-4E8D-A3AA-4D08DE793947}"
	ProjectSection(ProjectDependencies) = postProject
		{BAF18769-AE38-4B8A-9642-EC4C89CF66EB} = {BAF18769-AE38-4B8A-9642-EC4C89CF66EB}
		{C7C7EF87-E77F-4609-A670-69786EBB298C} = {C7C7EF87-E77F-4609-A670-69786EBB298C}
		{739A28FB-4A20-4CEE-AA16-51F3241C5078} = {739A28FB-4A20-4CEE-AA16-51F3241C5078}
	EndProjectSection
EndProject
Project("{8BC9CEB8-8B4A-11D0-8D11-00A0C91BC942}") = "integratorDense", "libraries\integratorDense\integratorDense.vcproj", "{7BF4A344-529D-4001-A3AE-8119B28FA4A9}"
	ProjectSection(ProjectDependencies) = postProject
		{CF89E50F-DB9D-40D7-A3E4-056608522442} = {CF89E50F-DB9D-40D7-A3E4-056608522442}
		{3E4D9619-1924-43D4-8DE3-B19674614807} = {3E4D9619-1924-43D4-8DE3-B19674614807}
		{DAE8E889-2BDA-4E72-AF76-C5FA3D94BEAA} = {DAE8E889-2BDA-4E72-AF76-C5FA3D94BEAA}
		{061B37AF-49F0-4F69-B9BA-CE1C9B327AD8} = {061B37AF-49F0-4F69-B9BA-CE1C9B327AD8}
		{4EE61ACB-9C26-4B93-BCE7-9D97C60F5D45} = {4EE61ACB-9C26-4B93-BCE7-9D97C60F5D45}
	EndProjectSection
EndProject
Project("{8BC9CEB8-8B4A-11D0-8D11-00A0C91BC942}") = "modalMatrix", "libraries\modalMatrix\modalMatrix.vcproj", "{782AF74D-EEE7-43B3-A2A0-A9974724866D}"
	ProjectSection(ProjectDependencies) = postProject
		{DAE8E889-2BDA-4E72-AF76-C5FA3D94BEAA} = {DAE8E889-2BDA-4E72-AF76-C5FA3D94BEAA}
	EndProjectSection
EndProject
Project("{8BC9CEB8-8B4A-11D0-8D11-00A0C91BC942}") = "reducedStvk", "libraries\reducedStvk\reducedStvk.vcproj", "{D459D047-A529-44EF-9042-DC8C9AEB00F7}"
	ProjectSection(ProjectDependencies) = postProject
		{782AF74D-EEE7-43B3-A2A0-A9974724866D} = {782AF74D-EEE7-43B3-A2A0-A9974724866D}
		{1A130366-FFB2-45DB-A704-0BA6525B8F11} = {1A130366-FFB2-45DB-A704-0BA6525B8F11}
		{BAF18769-AE38-4B8A-9642-EC4C89CF66EB} = {BAF18769-AE38-4B8A-9642-EC4C89CF66EB}
		{DAE8E889-2BDA-4E72-AF76-C5FA3D94BEAA} = {DAE8E889-2BDA-4E72-AF76-C5FA3D94BEAA}
		{D72E2AB9-1EBD-4333-864E-A587FFB619B5} = {D72E2AB9-1EBD-4333-864E-A587FFB619B5}
		{4EE61ACB-9C26-4B93-BCE7-9D97C60F5D45} = {4EE61ACB-9C26-4B93-BCE7-9D97C60F5D45}
	EndProjectSection
EndProject
Project("{8BC9CEB8-8B4A-11D0-8D11-00A0C91BC942}") = "reducedElasticForceModel", "libraries\reducedElasticForceModel\reducedElasticForceModel.vcproj", "{3D6F718B-70A3-4EB6-92D1-F6FB28CF86FE}"
	ProjectSection(ProjectDependencies) = postProject
		{CF89E50F-DB9D-40D7-A3E4-056608522442} = {CF89E50F-DB9D-40D7-A3E4-056608522442}
		{D459D047-A529-44EF-9042-DC8C9AEB00F7} = {D459D047-A529-44EF-9042-DC8C9AEB00F7}
		{D217CE50-DCF9-4EC2-8EBB-CA3D9894540C} = {D217CE50-DCF9-4EC2-8EBB-CA3D9894540C}
	EndProjectSection
EndProject
Project("{8BC9CEB8-8B4A-11D0-8D11-00A0C91BC942}") = "renderVolumetricMesh", "libraries\renderVolumetricMesh\renderVolumetricMesh.vcproj", "{CDCE29E9-0D5D-4BA3-844B-D24FE57F9E1C}"
	ProjectSection(ProjectDependencies) = postProject
		{1A130366-FFB2-45DB-A704-0BA6525B8F11} = {1A130366-FFB2-45DB-A704-0BA6525B8F11}
		{BAF18769-AE38-4B8A-9642-EC4C89CF66EB} = {BAF18769-AE38-4B8A-9642-EC4C89CF66EB}
		{C41A0989-9E2C-4285-ADCD-AA547FBC9A32} = {C41A0989-9E2C-4285-ADCD-AA547FBC9A32}
	EndProjectSection
EndProject
Project("{6989167D-11E4-40FE-8C1A-2192A86A7E90}") = "arpack", "libraries\arpack\SRC\arpack.vfproj", "{CF0B8E4C-7E8F-4E0C-BFFA-74927D4741BB}"
EndProject
Project("{8BC9CEB8-8B4A-11D0-8D11-00A0C91BC942}") = "lqr", "libraries\lqr\lqr.vcproj", "{41AF62EC-A159-4F68-97FD-A54A68286968}"
	ProjectSection(ProjectDependencies) = postProject
		{21B8DA06-8711-4160-91D0-F663F8DF9F30} = {21B8DA06-8711-4160-91D0-F663F8DF9F30}
		{4EE61ACB-9C26-4B93-BCE7-9D97C60F5D45} = {4EE61ACB-9C26-4B93-BCE7-9D97C60F5D45}
	EndProjectSection
EndProject
Project("{8BC9CEB8-8B4A-11D0-8D11-00A0C91BC942}") = "sceneObjectReduced", "libraries\sceneObjectReduced\sceneObjectReduced.vcproj", "{608BB6B9-056A-4413-B0F6-14D537C4ED99}"
	ProjectSection(ProjectDependencies) = postProject
		{3B9DEF33-4886-4E8D-A3AA-4D08DE793947} = {3B9DEF33-4886-4E8D-A3AA-4D08DE793947}
		{782AF74D-EEE7-43B3-A2A0-A9974724866D} = {782AF74D-EEE7-43B3-A2A0-A9974724866D}
		{08D870C9-C0B2-4963-99D7-263014084F31} = {08D870C9-C0B2-4963-99D7-263014084F31}
	EndProjectSection
EndProject
Global
	GlobalSection(SolutionConfigurationPlatforms) = preSolution
		Debug|Win32 = Debug|Win32
		Release|Win32 = Release|Win32
	EndGlobalSection
	GlobalSection(ProjectConfigurationPlatforms) = postSolution
		{8BB613B7-31C3-484C-8EA3-CC1CE714559B}.Debug|Win32.ActiveCfg = Debug|Win32
		{8BB613B7-31C3-484C-8EA3-CC1CE714559B}.Debug|Win32.Build.0 = Debug|Win32
		{8BB613B7-31C3-484C-8EA3-CC1CE714559B}.Release|Win32.ActiveCfg = Release|Win32
		{8BB613B7-31C3-484C-8EA3-CC1CE714559B}.Release|Win32.Build.0 = Release|Win32
		{DAE8E889-2BDA-4E72-AF76-C5FA3D94BEAA}.Debug|Win32.ActiveCfg = Debug|Win32
		{DAE8E889-2BDA-4E72-AF76-C5FA3D94BEAA}.Debug|Win32.Build.0 = Debug|Win32
		{DAE8E889-2BDA-4E72-AF76-C5FA3D94BEAA}.Release|Win32.ActiveCfg = Release|Win32
		{DAE8E889-2BDA-4E72-AF76-C5FA3D94BEAA}.Release|Win32.Build.0 = Release|Win32
		{9FF60B17-5A2A-410D-A3F1-75A02434BF3E}.Debug|Win32.ActiveCfg = Debug|Win32
		{9FF60B17-5A2A-410D-A3F1-75A02434BF3E}.Debug|Win32.Build.0 = Debug|Win32
		{9FF60B17-5A2A-410D-A3F1-75A02434BF3E}.Release|Win32.ActiveCfg = Release|Win32
		{9FF60B17-5A2A-410D-A3F1-75A02434BF3E}.Release|Win32.Build.0 = Release|Win32
		{039CE3A3-5085-4592-B410-C7D807CD5F69}.Debug|Win32.ActiveCfg = Debug|Win32
		{039CE3A3-5085-4592-B410-C7D807CD5F69}.Debug|Win32.Build.0 = Debug|Win32
		{039CE3A3-5085-4592-B410-C7D807CD5F69}.Release|Win32.ActiveCfg = Release|Win32
		{039CE3A3-5085-4592-B410-C7D807CD5F69}.Release|Win32.Build.0 = Release|Win32
		{BAF18769-AE38-4B8A-9642-EC4C89CF66EB}.Debug|Win32.ActiveCfg = Debug|Win32
		{BAF18769-AE38-4B8A-9642-EC4C89CF66EB}.Debug|Win32.Build.0 = Debug|Win32
		{BAF18769-AE38-4B8A-9642-EC4C89CF66EB}.Release|Win32.ActiveCfg = Release|Win32
		{BAF18769-AE38-4B8A-9642-EC4C89CF66EB}.Release|Win32.Build.0 = Release|Win32
		{739A28FB-4A20-4CEE-AA16-51F3241C5078}.Debug|Win32.ActiveCfg = Debug|Win32
		{739A28FB-4A20-4CEE-AA16-51F3241C5078}.Debug|Win32.Build.0 = Debug|Win32
		{739A28FB-4A20-4CEE-AA16-51F3241C5078}.Release|Win32.ActiveCfg = Release|Win32
		{739A28FB-4A20-4CEE-AA16-51F3241C5078}.Release|Win32.Build.0 = Release|Win32
		{9E079248-26B0-4C7E-8F0C-A7756958971E}.Debug|Win32.ActiveCfg = Debug|Win32
		{9E079248-26B0-4C7E-8F0C-A7756958971E}.Debug|Win32.Build.0 = Debug|Win32
		{9E079248-26B0-4C7E-8F0C-A7756958971E}.Release|Win32.ActiveCfg = Release|Win32
		{9E079248-26B0-4C7E-8F0C-A7756958971E}.Release|Win32.Build.0 = Release|Win32
		{D72E2AB9-1EBD-4333-864E-A587FFB619B5}.Debug|Win32.ActiveCfg = Debug|Win32
		{D72E2AB9-1EBD-4333-864E-A587FFB619B5}.Debug|Win32.Build.0 = Debug|Win32
		{D72E2AB9-1EBD-4333-864E-A587FFB619B5}.Release|Win32.ActiveCfg = Release|Win32
		{D72E2AB9-1EBD-4333-864E-A587FFB619B5}.Release|Win32.Build.0 = Release|Win32
		{1A130366-FFB2-45DB-A704-0BA6525B8F11}.Debug|Win32.ActiveCfg = Debug|Win32
		{1A130366-FFB2-45DB-A704-0BA6525B8F11}.Debug|Win32.Build.0 = Debug|Win32
		{1A130366-FFB2-45DB-A704-0BA6525B8F11}.Release|Win32.ActiveCfg = Release|Win32
		{1A130366-FFB2-45DB-A704-0BA6525B8F11}.Release|Win32.Build.0 = Release|Win32
		{38AE3240-9D2F-4AEE-8B11-717DBEE46945}.Debug|Win32.ActiveCfg = Debug|Win32
		{38AE3240-9D2F-4AEE-8B11-717DBEE46945}.Debug|Win32.Build.0 = Debug|Win32
		{38AE3240-9D2F-4AEE-8B11-717DBEE46945}.Release|Win32.ActiveCfg = Release|Win32
		{38AE3240-9D2F-4AEE-8B11-717DBEE46945}.Release|Win32.Build.0 = Release|Win32
		{D217CE50-DCF9-4EC2-8EBB-CA3D9894540C}.Debug|Win32.ActiveCfg = Debug|Win32
		{D217CE50-DCF9-4EC2-8EBB-CA3D9894540C}.Debug|Win32.Build.0 = Debug|Win32
		{D217CE50-DCF9-4EC2-8EBB-CA3D9894540C}.Release|Win32.ActiveCfg = Release|Win32
		{D217CE50-DCF9-4EC2-8EBB-CA3D9894540C}.Release|Win32.Build.0 = Release|Win32
		{320A1A16-4126-4444-B255-9C9C7B1E6F1E}.Debug|Win32.ActiveCfg = Debug|Win32
		{320A1A16-4126-4444-B255-9C9C7B1E6F1E}.Debug|Win32.Build.0 = Debug|Win32
		{320A1A16-4126-4444-B255-9C9C7B1E6F1E}.Release|Win32.ActiveCfg = Release|Win32
		{320A1A16-4126-4444-B255-9C9C7B1E6F1E}.Release|Win32.Build.0 = Release|Win32
		{5005EB8F-D83C-4AF3-87B6-423413F953C8}.Debug|Win32.ActiveCfg = Debug|Win32
		{5005EB8F-D83C-4AF3-87B6-423413F953C8}.Debug|Win32.Build.0 = Debug|Win32
		{5005EB8F-D83C-4AF3-87B6-423413F953C8}.Release|Win32.ActiveCfg = Release|Win32
		{5005EB8F-D83C-4AF3-87B6-423413F953C8}.Release|Win32.Build.0 = Release|Win32
		{B3F89C53-93ED-4CFA-8B47-7C9B97D45E8E}.Debug|Win32.ActiveCfg = Debug|Win32
		{B3F89C53-93ED-4CFA-8B47-7C9B97D45E8E}.Debug|Win32.Build.0 = Debug|Win32
		{B3F89C53-93ED-4CFA-8B47-7C9B97D45E8E}.Release|Win32.ActiveCfg = Release|Win32
		{B3F89C53-93ED-4CFA-8B47-7C9B97D45E8E}.Release|Win32.Build.0 = Release|Win32
		{E3F15F25-FA42-4D2C-9093-6B6C9B80F4BE}.Debug|Win32.ActiveCfg = Debug|Win32
		{E3F15F25-FA42-4D2C-9093-6B6C9B80F4BE}.Debug|Win32.Build.0 = Debug|Win32
		{E3F15F25-FA42-4D2C-9093-6B6C9B80F4BE}.Release|Win32.ActiveCfg = Release|Win32
		{E3F15F25-FA42-4D2C-9093-6B6C9B80F4BE}.Release|Win32.Build.0 = Release|Win32
		{D6F42660-65CE-4A08-8016-D7D99ACB2E13}.Debug|Win32.ActiveCfg = Debug|Win32
		{D6F42660-65CE-4A08-8016-D7D99ACB2E13}.Debug|Win32.Build.0 = Debug|Win32
		{D6F42660-65CE-4A08-8016-D7D99ACB2E13}.Release|Win32.ActiveCfg = Release|Win32
		{D6F42660-65CE-4A08-8016-D7D99ACB2E13}.Release|Win32.Build.0 = Release|Win32
		{D6968754-E883-4015-94F2-817AFEFB39AE}.Debug|Win32.ActiveCfg = Debug|Win32
		{D6968754-E883-4015-94F2-817AFEFB39AE}.Debug|Win32.Build.0 = Debug|Win32
		{D6968754-E883-4015-94F2-817AFEFB39AE}.Release|Win32.ActiveCfg = Release|Win32
		{D6968754-E883-4015-94F2-817AFEFB39AE}.Release|Win32.Build.0 = Release|Win32
		{C184B9FC-0C92-47A6-ABEC-BB4CCC6FD2D5}.Debug|Win32.ActiveCfg = Debug|Win32
		{C184B9FC-0C92-47A6-ABEC-BB4CCC6FD2D5}.Debug|Win32.Build.0 = Debug|Win32
		{C184B9FC-0C92-47A6-ABEC-BB4CCC6FD2D5}.Release|Win32.ActiveCfg = Release|Win32
		{C184B9FC-0C92-47A6-ABEC-BB4CCC6FD2D5}.Release|Win32.Build.0 = Release|Win32
		{77A700BF-B9D2-46AD-9301-20F756EEA1B5}.Debug|Win32.ActiveCfg = Debug|Win32
		{77A700BF-B9D2-46AD-9301-20F756EEA1B5}.Debug|Win32.Build.0 = Debug|Win32
		{77A700BF-B9D2-46AD-9301-20F756EEA1B5}.Release|Win32.ActiveCfg = Release|Win32
		{77A700BF-B9D2-46AD-9301-20F756EEA1B5}.Release|Win32.Build.0 = Release|Win32
		{061B37AF-49F0-4F69-B9BA-CE1C9B327AD8}.Debug|Win32.ActiveCfg = Debug|Win32
		{061B37AF-49F0-4F69-B9BA-CE1C9B327AD8}.Debug|Win32.Build.0 = Debug|Win32
		{061B37AF-49F0-4F69-B9BA-CE1C9B327AD8}.Release|Win32.ActiveCfg = Release|Win32
		{061B37AF-49F0-4F69-B9BA-CE1C9B327AD8}.Release|Win32.Build.0 = Release|Win32
		{3E4D9619-1924-43D4-8DE3-B19674614807}.Debug|Win32.ActiveCfg = Debug|Win32
		{3E4D9619-1924-43D4-8DE3-B19674614807}.Debug|Win32.Build.0 = Debug|Win32
		{3E4D9619-1924-43D4-8DE3-B19674614807}.Release|Win32.ActiveCfg = Release|Win32
		{3E4D9619-1924-43D4-8DE3-B19674614807}.Release|Win32.Build.0 = Release|Win32
		{EB9CAABB-A2AA-40CB-A781-22A949DC9568}.Debug|Win32.ActiveCfg = Debug|Win32
		{EB9CAABB-A2AA-40CB-A781-22A949DC9568}.Debug|Win32.Build.0 = Debug|Win32
		{EB9CAABB-A2AA-40CB-A781-22A949DC9568}.Release|Win32.ActiveCfg = Release|Win32
		{EB9CAABB-A2AA-40CB-A781-22A949DC9568}.Release|Win32.Build.0 = Release|Win32
		{4EE61ACB-9C26-4B93-BCE7-9D97C60F5D45}.Debug|Win32.ActiveCfg = Debug|Win32
		{4EE61ACB-9C26-4B93-BCE7-9D97C60F5D45}.Debug|Win32.Build.0 = Debug|Win32
		{4EE61ACB-9C26-4B93-BCE7-9D97C60F5D45}.Release|Win32.ActiveCfg = Release|Win32
		{4EE61ACB-9C26-4B93-BCE7-9D97C60F5D45}.Release|Win32.Build.0 = Release|Win32
		{4DF2406F-34A4-48EE-A01A-C29C3CFAC936}.Debug|Win32.ActiveCfg = Debug|Win32
		{4DF2406F-34A4-48EE-A01A-C29C3CFAC936}.Debug|Win32.Build.0 = Debug|Win32
		{4DF2406F-34A4-48EE-A01A-C29C3CFAC936}.Release|Win32.ActiveCfg = Release|Win32
		{4DF2406F-34A4-48EE-A01A-C29C3CFAC936}.Release|Win32.Build.0 = Release|Win32
		{DAD82435-F439-4BF0-B8D5-75DB782A87AF}.Debug|Win32.ActiveCfg = Debug|Win32
		{DAD82435-F439-4BF0-B8D5-75DB782A87AF}.Debug|Win32.Build.0 = Debug|Win32
		{DAD82435-F439-4BF0-B8D5-75DB782A87AF}.Release|Win32.ActiveCfg = Release|Win32
		{DAD82435-F439-4BF0-B8D5-75DB782A87AF}.Release|Win32.Build.0 = Release|Win32
		{C7C7EF87-E77F-4609-A670-69786EBB298C}.Debug|Win32.ActiveCfg = Debug|Win32
		{C7C7EF87-E77F-4609-A670-69786EBB298C}.Debug|Win32.Build.0 = Debug|Win32
		{C7C7EF87-E77F-4609-A670-69786EBB298C}.Release|Win32.ActiveCfg = Release|Win32
		{C7C7EF87-E77F-4609-A670-69786EBB298C}.Release|Win32.Build.0 = Release|Win32
		{C41A0989-9E2C-4285-ADCD-AA547FBC9A32}.Debug|Win32.ActiveCfg = Debug|Win32
		{C41A0989-9E2C-4285-ADCD-AA547FBC9A32}.Debug|Win32.Build.0 = Debug|Win32
		{C41A0989-9E2C-4285-ADCD-AA547FBC9A32}.Release|Win32.ActiveCfg = Release|Win32
		{C41A0989-9E2C-4285-ADCD-AA547FBC9A32}.Release|Win32.Build.0 = Release|Win32
		{08D870C9-C0B2-4963-99D7-263014084F31}.Debug|Win32.ActiveCfg = Debug|Win32
		{08D870C9-C0B2-4963-99D7-263014084F31}.Debug|Win32.Build.0 = Debug|Win32
		{08D870C9-C0B2-4963-99D7-263014084F31}.Release|Win32.ActiveCfg = Release|Win32
		{08D870C9-C0B2-4963-99D7-263014084F31}.Release|Win32.Build.0 = Release|Win32
		{CF89E50F-DB9D-40D7-A3E4-056608522442}.Debug|Win32.ActiveCfg = Debug|Win32
		{CF89E50F-DB9D-40D7-A3E4-056608522442}.Debug|Win32.Build.0 = Debug|Win32
		{CF89E50F-DB9D-40D7-A3E4-056608522442}.Release|Win32.ActiveCfg = Release|Win32
		{CF89E50F-DB9D-40D7-A3E4-056608522442}.Release|Win32.Build.0 = Release|Win32
		{F38CBF9E-E3CC-4FD8-84EA-A1EFEC153D5F}.Debug|Win32.ActiveCfg = Debug|Win32
		{F38CBF9E-E3CC-4FD8-84EA-A1EFEC153D5F}.Debug|Win32.Build.0 = Debug|Win32
		{F38CBF9E-E3CC-4FD8-84EA-A1EFEC153D5F}.Release|Win32.ActiveCfg = Release|Win32
		{F38CBF9E-E3CC-4FD8-84EA-A1EFEC153D5F}.Release|Win32.Build.0 = Release|Win32
		{44DA13D4-0BE5-4FC3-8623-68C2B56238C0}.Debug|Win32.ActiveCfg = Debug|Win32
		{44DA13D4-0BE5-4FC3-8623-68C2B56238C0}.Debug|Win32.Build.0 = Debug|Win32
		{44DA13D4-0BE5-4FC3-8623-68C2B56238C0}.Release|Win32.ActiveCfg = Release|Win32
		{44DA13D4-0BE5-4FC3-8623-68C2B56238C0}.Release|Win32.Build.0 = Release|Win32
		{FCCD0E82-232A-4B71-8DAB-0F164F4DFBD6}.Debug|Win32.ActiveCfg = Debug|Win32
		{FCCD0E82-232A-4B71-8DAB-0F164F4DFBD6}.Debug|Win32.Build.0 = Debug|Win32
		{FCCD0E82-232A-4B71-8DAB-0F164F4DFBD6}.Release|Win32.ActiveCfg = Release|Win32
		{FCCD0E82-232A-4B71-8DAB-0F164F4DFBD6}.Release|Win32.Build.0 = Release|Win32
		{9593D643-F782-4A81-80AB-6C2FFC62E467}.Debug|Win32.ActiveCfg = Debug|Win32
		{9593D643-F782-4A81-80AB-6C2FFC62E467}.Debug|Win32.Build.0 = Debug|Win32
		{9593D643-F782-4A81-80AB-6C2FFC62E467}.Release|Win32.ActiveCfg = Release|Win32
		{9593D643-F782-4A81-80AB-6C2FFC62E467}.Release|Win32.Build.0 = Release|Win32
		{CCEFE3E3-17AC-4E19-A4D4-248EA44EE6A8}.Debug|Win32.ActiveCfg = Debug|Win32
		{CCEFE3E3-17AC-4E19-A4D4-248EA44EE6A8}.Debug|Win32.Build.0 = Debug|Win32
		{CCEFE3E3-17AC-4E19-A4D4-248EA44EE6A8}.Release|Win32.ActiveCfg = Release|Win32
		{CCEFE3E3-17AC-4E19-A4D4-248EA44EE6A8}.Release|Win32.Build.0 = Release|Win32
		{21B8DA06-8711-4160-91D0-F663F8DF9F30}.Debug|Win32.ActiveCfg = Debug|Win32
		{21B8DA06-8711-4160-91D0-F663F8DF9F30}.Debug|Win32.Build.0 = Debug|Win32
		{21B8DA06-8711-4160-91D0-F663F8DF9F30}.Release|Win32.ActiveCfg = Release|Win32
		{21B8DA06-8711-4160-91D0-F663F8DF9F30}.Release|Win32.Build.0 = Release|Win32
		{3B9DEF33-4886-4E8D-A3AA-4D08DE793947}.Debug|Win32.ActiveCfg = Debug|Win32
		{3B9DEF33-4886-4E8D-A3AA-4D08DE793947}.Debug|Win32.Build.0 = Debug|Win32
		{3B9DEF33-4886-4E8D-A3AA-4D08DE793947}.Release|Win32.ActiveCfg = Release|Win32
		{3B9DEF33-4886-4E8D-A3AA-4D08DE793947}.Release|Win32.Build.0 = Release|Win32
		{7BF4A344-529D-4001-A3AE-8119B28FA4A9}.Debug|Win32.ActiveCfg = Debug|Win32
		{7BF4A344-529D-4001-A3AE-8119B28FA4A9}.Debug|Win32.Build.0 = Debug|Win32
		{7BF4A344-529D-4001-A3AE-8119B28FA4A9}.Release|Win32.ActiveCfg = Release|Win32
		{7BF4A344-529D-4001-A3AE-8119B28FA4A9}.Release|Win32.Build.0 = Release|Win32
		{782AF74D-EEE7-43B3-A2A0-A9974724866D}.Debug|Win32.ActiveCfg = Debug|Win32
		{782AF74D-EEE7-43B3-A2A0-A9974724866D}.Debug|Win32.Build.0 = Debug|Win32
		{782AF74D-EEE7-43B3-A2A0-A9974724866D}.Release|Win32.ActiveCfg = Release|Win32
		{782AF74D-EEE7-43B3-A2A0-A9974724866D}.Release|Win32.Build.0 = Release|Win32
		{D459D047-A529-44EF-9042-DC8C9AEB00F7}.Debug|Win32.ActiveCfg = Debug|Win32
		{D459D047-A529-44EF-9042-DC8C9AEB00F7}.Debug|Win32.Build.0 = Debug|Win32
		{D459D047-A529-44EF-9042-DC8C9AEB00F7}.Release|Win32.ActiveCfg = Release|Win32
		{D459D047-A529-44EF-9042-DC8C9AEB00F7}.Release|Win32.Build.0 = Release|Win32
		{3D6F718B-70A3-4EB6-92D1-F6FB28CF86FE}.Debug|Win32.ActiveCfg = Debug|Win32
		{3D6F718B-70A3-4EB6-92D1-F6FB28CF86FE}.Debug|Win32.Build.0 = Debug|Win32
		{3D6F718B-70A3-4EB6-92D1-F6FB28CF86FE}.Release|Win32.ActiveCfg = Release|Win32
		{3D6F718B-70A3-4EB6-92D1-F6FB28CF86FE}.Release|Win32.Build.0 = Release|Win32
		{CDCE29E9-0D5D-4BA3-844B-D24FE57F9E1C}.Debug|Win32.ActiveCfg = Debug|Win32
		{CDCE29E9-0D5D-4BA3-844B-D24FE57F9E1C}.Debug|Win32.Build.0 = Debug|Win32
		{CDCE29E9-0D5D-4BA3-844B-D24FE57F9E1C}.Release|Win32.ActiveCfg = Release|Win32
		{CDCE29E9-0D5D-4BA3-844B-D24FE57F9E1C}.Release|Win32.Build.0 = Release|Win32
		{CF0B8E4C-7E8F-4E0C-BFFA-74927D4741BB}.Debug|Win32.ActiveCfg = Debug|Win32
		{CF0B8E4C-7E8F-4E0C-BFFA-74927D4741BB}.Debug|Win32.Build.0 = Debug|Win32
		{CF0B8E4C-7E8F-4E0C-BFFA-74927D4741BB}.Release|Win32.ActiveCfg = Release|Win32
		{CF0B8E4C-7E8F-4E0C-BFFA-74927D4741BB}.Release|Win32.Build.0 = Release|Win32
		{41AF62EC-A159-4F68-97FD-A54A68286968}.Debug|Win32.ActiveCfg = Debug|Win32
		{41AF62EC-A159-4F68-97FD-A54A68286968}.Debug|Win32.Build.0 = Debug|Win32
		{41AF62EC-A159-4F68-97FD-A54A68286968}.Release|Win32.ActiveCfg = Release|Win32
		{41AF62EC-A159-4F68-97FD-A54A68286968}.Release|Win32.Build.0 = Release|Win32
		{608BB6B9-056A-4413-B0F6-14D537C4ED99}.Debug|Win32.ActiveCfg = Debug|Win32
		{608BB6B9-056A-4413-B0F6-14D537C4ED99}.Debug|Win32.Build.0 = Debug|Win32
		{608BB6B9-056A-4413-B0F6-14D537C4ED99}.Release|Win32.ActiveCfg = Release|Win32
		{608BB6B9-056A-4413-B0F6-14D537C4ED99}.Release|Win32.Build.0 = Release|Win32
	EndGlobalSection
	GlobalSection(SolutionProperties) = preSolution
		HideSolutionNode = FALSE
	EndGlobalSection
EndGlobal
